// !$*UTF8*$!
{
	archiveVersion = 1;
	classes = {
	};
	objectVersion = 55;
	objects = {

/* Begin PBXBuildFile section */
		EF4F8E33280F4EE200CCAAB1 /* iOSTester_06App.swift in Sources */ = {isa = PBXBuildFile; fileRef = EF4F8E32280F4EE200CCAAB1 /* iOSTester_06App.swift */; };
		EF4F8E35280F4EE200CCAAB1 /* ContentView.swift in Sources */ = {isa = PBXBuildFile; fileRef = EF4F8E34280F4EE200CCAAB1 /* ContentView.swift */; };
		EF4F8E37280F4EE300CCAAB1 /* Assets.xcassets in Resources */ = {isa = PBXBuildFile; fileRef = EF4F8E36280F4EE300CCAAB1 /* Assets.xcassets */; };
		EF4F8E3A280F4EE300CCAAB1 /* Preview Assets.xcassets in Resources */ = {isa = PBXBuildFile; fileRef = EF4F8E39280F4EE300CCAAB1 /* Preview Assets.xcassets */; };
		EF4F8E43280F4F5300CCAAB1 /* test_nbocy_objc.mm in Sources */ = {isa = PBXBuildFile; fileRef = EF4F8E42280F4F5300CCAAB1 /* test_nbocy_objc.mm */; };
		EF4F8E46280F4FEE00CCAAB1 /* metal_compute_base.mm in Sources */ = {isa = PBXBuildFile; fileRef = EF4F8E44280F4FEE00CCAAB1 /* metal_compute_base.mm */; };
		EF4F8E51280F500500CCAAB1 /* nbody.metal in Sources */ = {isa = PBXBuildFile; fileRef = EF4F8E4A280F500500CCAAB1 /* nbody.metal */; };
		EF4F8E52280F500500CCAAB1 /* nbody_metal_objc.mm in Sources */ = {isa = PBXBuildFile; fileRef = EF4F8E4B280F500500CCAAB1 /* nbody_metal_objc.mm */; };
		EF4F8E53280F500500CCAAB1 /* nbody_metal_cpp_impl.mm in Sources */ = {isa = PBXBuildFile; fileRef = EF4F8E4D280F500500CCAAB1 /* nbody_metal_cpp_impl.mm */; };
		EF4F8E54280F500500CCAAB1 /* nbody_metal_cpp.cpp in Sources */ = {isa = PBXBuildFile; fileRef = EF4F8E50280F500500CCAAB1 /* nbody_metal_cpp.cpp */; };
		EF4F8E56280F501000CCAAB1 /* test_nbody.cpp in Sources */ = {isa = PBXBuildFile; fileRef = EF4F8E55280F501000CCAAB1 /* test_nbody.cpp */; };
/* End PBXBuildFile section */

/* Begin PBXFileReference section */
		EF4F8E2F280F4EE200CCAAB1 /* iOSTester_06.app */ = {isa = PBXFileReference; explicitFileType = wrapper.application; includeInIndex = 0; path = iOSTester_06.app; sourceTree = BUILT_PRODUCTS_DIR; };
		EF4F8E32280F4EE200CCAAB1 /* iOSTester_06App.swift */ = {isa = PBXFileReference; lastKnownFileType = sourcecode.swift; path = iOSTester_06App.swift; sourceTree = "<group>"; };
		EF4F8E34280F4EE200CCAAB1 /* ContentView.swift */ = {isa = PBXFileReference; lastKnownFileType = sourcecode.swift; path = ContentView.swift; sourceTree = "<group>"; };
		EF4F8E36280F4EE300CCAAB1 /* Assets.xcassets */ = {isa = PBXFileReference; lastKnownFileType = folder.assetcatalog; path = Assets.xcassets; sourceTree = "<group>"; };
		EF4F8E39280F4EE300CCAAB1 /* Preview Assets.xcassets */ = {isa = PBXFileReference; lastKnownFileType = folder.assetcatalog; path = "Preview Assets.xcassets"; sourceTree = "<group>"; };
		EF4F8E40280F4F4500CCAAB1 /* test_nbody_objc.h */ = {isa = PBXFileReference; lastKnownFileType = sourcecode.c.h; path = test_nbody_objc.h; sourceTree = "<group>"; };
		EF4F8E41280F4F5200CCAAB1 /* iOSTester_06-Bridging-Header.h */ = {isa = PBXFileReference; lastKnownFileType = sourcecode.c.h; path = "iOSTester_06-Bridging-Header.h"; sourceTree = "<group>"; };
		EF4F8E42280F4F5300CCAAB1 /* test_nbocy_objc.mm */ = {isa = PBXFileReference; lastKnownFileType = sourcecode.cpp.objcpp; path = test_nbocy_objc.mm; sourceTree = "<group>"; };
		EF4F8E44280F4FEE00CCAAB1 /* metal_compute_base.mm */ = {isa = PBXFileReference; fileEncoding = 4; lastKnownFileType = sourcecode.cpp.objcpp; name = metal_compute_base.mm; path = ../../common/metal/metal_compute_base.mm; sourceTree = "<group>"; };
		EF4F8E45280F4FEE00CCAAB1 /* metal_compute_base.h */ = {isa = PBXFileReference; fileEncoding = 4; lastKnownFileType = sourcecode.c.h; name = metal_compute_base.h; path = ../../common/metal/metal_compute_base.h; sourceTree = "<group>"; };
		EF4F8E47280F4FFA00CCAAB1 /* test_case_with_time_measurements.h */ = {isa = PBXFileReference; fileEncoding = 4; lastKnownFileType = sourcecode.c.h; name = test_case_with_time_measurements.h; path = ../../common/test_case_with_time_measurements.h; sourceTree = "<group>"; };
		EF4F8E48280F4FFA00CCAAB1 /* thread_synchronizer.h */ = {isa = PBXFileReference; fileEncoding = 4; lastKnownFileType = sourcecode.c.h; name = thread_synchronizer.h; path = ../../common/thread_synchronizer.h; sourceTree = "<group>"; };
		EF4F8E49280F4FFA00CCAAB1 /* test_pattern_generation.h */ = {isa = PBXFileReference; fileEncoding = 4; lastKnownFileType = sourcecode.c.h; name = test_pattern_generation.h; path = ../../common/test_pattern_generation.h; sourceTree = "<group>"; };
		EF4F8E4A280F500500CCAAB1 /* nbody.metal */ = {isa = PBXFileReference; fileEncoding = 4; lastKnownFileType = sourcecode.metal; name = nbody.metal; path = ../../06_nbody/metal/nbody.metal; sourceTree = "<group>"; };
		EF4F8E4B280F500500CCAAB1 /* nbody_metal_objc.mm */ = {isa = PBXFileReference; fileEncoding = 4; lastKnownFileType = sourcecode.cpp.objcpp; name = nbody_metal_objc.mm; path = ../../06_nbody/metal/nbody_metal_objc.mm; sourceTree = "<group>"; };
		EF4F8E4C280F500500CCAAB1 /* nbody_metal_cpp_impl.h */ = {isa = PBXFileReference; fileEncoding = 4; lastKnownFileType = sourcecode.c.h; name = nbody_metal_cpp_impl.h; path = ../../06_nbody/metal/nbody_metal_cpp_impl.h; sourceTree = "<group>"; };
		EF4F8E4D280F500500CCAAB1 /* nbody_metal_cpp_impl.mm */ = {isa = PBXFileReference; fileEncoding = 4; lastKnownFileType = sourcecode.cpp.objcpp; name = nbody_metal_cpp_impl.mm; path = ../../06_nbody/metal/nbody_metal_cpp_impl.mm; sourceTree = "<group>"; };
		EF4F8E4E280F500500CCAAB1 /* nbody_metal_cpp.h */ = {isa = PBXFileReference; fileEncoding = 4; lastKnownFileType = sourcecode.c.h; name = nbody_metal_cpp.h; path = ../../06_nbody/metal/nbody_metal_cpp.h; sourceTree = "<group>"; };
		EF4F8E4F280F500500CCAAB1 /* nbody_metal_objc.h */ = {isa = PBXFileReference; fileEncoding = 4; lastKnownFileType = sourcecode.c.h; name = nbody_metal_objc.h; path = ../../06_nbody/metal/nbody_metal_objc.h; sourceTree = "<group>"; };
		EF4F8E50280F500500CCAAB1 /* nbody_metal_cpp.cpp */ = {isa = PBXFileReference; fileEncoding = 4; lastKnownFileType = sourcecode.cpp.cpp; name = nbody_metal_cpp.cpp; path = ../../06_nbody/metal/nbody_metal_cpp.cpp; sourceTree = "<group>"; };
		EF4F8E55280F501000CCAAB1 /* test_nbody.cpp */ = {isa = PBXFileReference; fileEncoding = 4; lastKnownFileType = sourcecode.cpp.cpp; name = test_nbody.cpp; path = ../../06_nbody/test_nbody.cpp; sourceTree = "<group>"; };
/* End PBXFileReference section */

/* Begin PBXFrameworksBuildPhase section */
		EF4F8E2C280F4EE200CCAAB1 /* Frameworks */ = {
			isa = PBXFrameworksBuildPhase;
			buildActionMask = 2147483647;
			files = (
			);
			runOnlyForDeploymentPostprocessing = 0;
		};
/* End PBXFrameworksBuildPhase section */

/* Begin PBXGroup section */
		EF4F8E26280F4EE200CCAAB1 = {
			isa = PBXGroup;
			children = (
				EF4F8E31280F4EE200CCAAB1 /* iOSTester_06 */,
				EF4F8E30280F4EE200CCAAB1 /* Products */,
			);
			sourceTree = "<group>";
		};
		EF4F8E30280F4EE200CCAAB1 /* Products */ = {
			isa = PBXGroup;
			children = (
				EF4F8E2F280F4EE200CCAAB1 /* iOSTester_06.app */,
			);
			name = Products;
			sourceTree = "<group>";
		};
		EF4F8E31280F4EE200CCAAB1 /* iOSTester_06 */ = {
			isa = PBXGroup;
			children = (
				EF4F8E55280F501000CCAAB1 /* test_nbody.cpp */,
				EF4F8E4C280F500500CCAAB1 /* nbody_metal_cpp_impl.h */,
				EF4F8E4D280F500500CCAAB1 /* nbody_metal_cpp_impl.mm */,
				EF4F8E50280F500500CCAAB1 /* nbody_metal_cpp.cpp */,
				EF4F8E4E280F500500CCAAB1 /* nbody_metal_cpp.h */,
				EF4F8E4F280F500500CCAAB1 /* nbody_metal_objc.h */,
				EF4F8E4B280F500500CCAAB1 /* nbody_metal_objc.mm */,
				EF4F8E4A280F500500CCAAB1 /* nbody.metal */,
				EF4F8E47280F4FFA00CCAAB1 /* test_case_with_time_measurements.h */,
				EF4F8E49280F4FFA00CCAAB1 /* test_pattern_generation.h */,
				EF4F8E48280F4FFA00CCAAB1 /* thread_synchronizer.h */,
				EF4F8E45280F4FEE00CCAAB1 /* metal_compute_base.h */,
				EF4F8E44280F4FEE00CCAAB1 /* metal_compute_base.mm */,
				EF4F8E32280F4EE200CCAAB1 /* iOSTester_06App.swift */,
				EF4F8E34280F4EE200CCAAB1 /* ContentView.swift */,
				EF4F8E36280F4EE300CCAAB1 /* Assets.xcassets */,
				EF4F8E38280F4EE300CCAAB1 /* Preview Content */,
				EF4F8E40280F4F4500CCAAB1 /* test_nbody_objc.h */,
				EF4F8E42280F4F5300CCAAB1 /* test_nbocy_objc.mm */,
				EF4F8E41280F4F5200CCAAB1 /* iOSTester_06-Bridging-Header.h */,
			);
			path = iOSTester_06;
			sourceTree = "<group>";
		};
		EF4F8E38280F4EE300CCAAB1 /* Preview Content */ = {
			isa = PBXGroup;
			children = (
				EF4F8E39280F4EE300CCAAB1 /* Preview Assets.xcassets */,
			);
			path = "Preview Content";
			sourceTree = "<group>";
		};
/* End PBXGroup section */

/* Begin PBXNativeTarget section */
		EF4F8E2E280F4EE200CCAAB1 /* iOSTester_06 */ = {
			isa = PBXNativeTarget;
			buildConfigurationList = EF4F8E3D280F4EE300CCAAB1 /* Build configuration list for PBXNativeTarget "iOSTester_06" */;
			buildPhases = (
				EF4F8E2B280F4EE200CCAAB1 /* Sources */,
				EF4F8E2C280F4EE200CCAAB1 /* Frameworks */,
				EF4F8E2D280F4EE200CCAAB1 /* Resources */,
			);
			buildRules = (
			);
			dependencies = (
			);
			name = iOSTester_06;
			productName = iOSTester_06;
			productReference = EF4F8E2F280F4EE200CCAAB1 /* iOSTester_06.app */;
			productType = "com.apple.product-type.application";
		};
/* End PBXNativeTarget section */

/* Begin PBXProject section */
		EF4F8E27280F4EE200CCAAB1 /* Project object */ = {
			isa = PBXProject;
			attributes = {
				BuildIndependentTargetsInParallel = 1;
				LastSwiftUpdateCheck = 1330;
				LastUpgradeCheck = 1330;
				TargetAttributes = {
					EF4F8E2E280F4EE200CCAAB1 = {
						CreatedOnToolsVersion = 13.3.1;
						LastSwiftMigration = 1330;
					};
				};
			};
			buildConfigurationList = EF4F8E2A280F4EE200CCAAB1 /* Build configuration list for PBXProject "iOSTester_06" */;
			compatibilityVersion = "Xcode 13.0";
			developmentRegion = en;
			hasScannedForEncodings = 0;
			knownRegions = (
				en,
				Base,
			);
			mainGroup = EF4F8E26280F4EE200CCAAB1;
			productRefGroup = EF4F8E30280F4EE200CCAAB1 /* Products */;
			projectDirPath = "";
			projectRoot = "";
			targets = (
				EF4F8E2E280F4EE200CCAAB1 /* iOSTester_06 */,
			);
		};
/* End PBXProject section */

/* Begin PBXResourcesBuildPhase section */
		EF4F8E2D280F4EE200CCAAB1 /* Resources */ = {
			isa = PBXResourcesBuildPhase;
			buildActionMask = 2147483647;
			files = (
				EF4F8E3A280F4EE300CCAAB1 /* Preview Assets.xcassets in Resources */,
				EF4F8E37280F4EE300CCAAB1 /* Assets.xcassets in Resources */,
			);
			runOnlyForDeploymentPostprocessing = 0;
		};
/* End PBXResourcesBuildPhase section */

/* Begin PBXSourcesBuildPhase section */
		EF4F8E2B280F4EE200CCAAB1 /* Sources */ = {
			isa = PBXSourcesBuildPhase;
			buildActionMask = 2147483647;
			files = (
				EF4F8E56280F501000CCAAB1 /* test_nbody.cpp in Sources */,
				EF4F8E35280F4EE200CCAAB1 /* ContentView.swift in Sources */,
				EF4F8E33280F4EE200CCAAB1 /* iOSTester_06App.swift in Sources */,
				EF4F8E52280F500500CCAAB1 /* nbody_metal_objc.mm in Sources */,
				EF4F8E53280F500500CCAAB1 /* nbody_metal_cpp_impl.mm in Sources */,
				EF4F8E54280F500500CCAAB1 /* nbody_metal_cpp.cpp in Sources */,
				EF4F8E46280F4FEE00CCAAB1 /* metal_compute_base.mm in Sources */,
				EF4F8E51280F500500CCAAB1 /* nbody.metal in Sources */,
				EF4F8E43280F4F5300CCAAB1 /* test_nbocy_objc.mm in Sources */,
			);
			runOnlyForDeploymentPostprocessing = 0;
		};
/* End PBXSourcesBuildPhase section */

/* Begin XCBuildConfiguration section */
		EF4F8E3B280F4EE300CCAAB1 /* Debug */ = {
			isa = XCBuildConfiguration;
			buildSettings = {
				ALWAYS_SEARCH_USER_PATHS = NO;
				CLANG_ANALYZER_NONNULL = YES;
				CLANG_ANALYZER_NUMBER_OBJECT_CONVERSION = YES_AGGRESSIVE;
				CLANG_CXX_LANGUAGE_STANDARD = "gnu++17";
				CLANG_ENABLE_MODULES = YES;
				CLANG_ENABLE_OBJC_ARC = YES;
				CLANG_ENABLE_OBJC_WEAK = YES;
				CLANG_WARN_BLOCK_CAPTURE_AUTORELEASING = YES;
				CLANG_WARN_BOOL_CONVERSION = YES;
				CLANG_WARN_COMMA = YES;
				CLANG_WARN_CONSTANT_CONVERSION = YES;
				CLANG_WARN_DEPRECATED_OBJC_IMPLEMENTATIONS = YES;
				CLANG_WARN_DIRECT_OBJC_ISA_USAGE = YES_ERROR;
				CLANG_WARN_DOCUMENTATION_COMMENTS = YES;
				CLANG_WARN_EMPTY_BODY = YES;
				CLANG_WARN_ENUM_CONVERSION = YES;
				CLANG_WARN_INFINITE_RECURSION = YES;
				CLANG_WARN_INT_CONVERSION = YES;
				CLANG_WARN_NON_LITERAL_NULL_CONVERSION = YES;
				CLANG_WARN_OBJC_IMPLICIT_RETAIN_SELF = YES;
				CLANG_WARN_OBJC_LITERAL_CONVERSION = YES;
				CLANG_WARN_OBJC_ROOT_CLASS = YES_ERROR;
				CLANG_WARN_QUOTED_INCLUDE_IN_FRAMEWORK_HEADER = YES;
				CLANG_WARN_RANGE_LOOP_ANALYSIS = YES;
				CLANG_WARN_STRICT_PROTOTYPES = YES;
				CLANG_WARN_SUSPICIOUS_MOVE = YES;
				CLANG_WARN_UNGUARDED_AVAILABILITY = YES_AGGRESSIVE;
				CLANG_WARN_UNREACHABLE_CODE = YES;
				CLANG_WARN__DUPLICATE_METHOD_MATCH = YES;
				COPY_PHASE_STRIP = NO;
				DEBUG_INFORMATION_FORMAT = dwarf;
				ENABLE_STRICT_OBJC_MSGSEND = YES;
				ENABLE_TESTABILITY = YES;
				GCC_C_LANGUAGE_STANDARD = gnu11;
				GCC_DYNAMIC_NO_PIC = NO;
				GCC_NO_COMMON_BLOCKS = YES;
				GCC_OPTIMIZATION_LEVEL = 0;
				GCC_PREPROCESSOR_DEFINITIONS = (
					"DEBUG=1",
					"$(inherited)",
				);
				GCC_WARN_64_TO_32_BIT_CONVERSION = YES;
				GCC_WARN_ABOUT_RETURN_TYPE = YES_ERROR;
				GCC_WARN_UNDECLARED_SELECTOR = YES;
				GCC_WARN_UNINITIALIZED_AUTOS = YES_AGGRESSIVE;
				GCC_WARN_UNUSED_FUNCTION = YES;
				GCC_WARN_UNUSED_VARIABLE = YES;
				IPHONEOS_DEPLOYMENT_TARGET = 15.4;
				MTL_ENABLE_DEBUG_INFO = INCLUDE_SOURCE;
				MTL_FAST_MATH = YES;
				ONLY_ACTIVE_ARCH = YES;
				SDKROOT = iphoneos;
				SWIFT_ACTIVE_COMPILATION_CONDITIONS = DEBUG;
				SWIFT_OPTIMIZATION_LEVEL = "-Onone";
			};
			name = Debug;
		};
		EF4F8E3C280F4EE300CCAAB1 /* Release */ = {
			isa = XCBuildConfiguration;
			buildSettings = {
				ALWAYS_SEARCH_USER_PATHS = NO;
				CLANG_ANALYZER_NONNULL = YES;
				CLANG_ANALYZER_NUMBER_OBJECT_CONVERSION = YES_AGGRESSIVE;
				CLANG_CXX_LANGUAGE_STANDARD = "gnu++17";
				CLANG_ENABLE_MODULES = YES;
				CLANG_ENABLE_OBJC_ARC = YES;
				CLANG_ENABLE_OBJC_WEAK = YES;
				CLANG_WARN_BLOCK_CAPTURE_AUTORELEASING = YES;
				CLANG_WARN_BOOL_CONVERSION = YES;
				CLANG_WARN_COMMA = YES;
				CLANG_WARN_CONSTANT_CONVERSION = YES;
				CLANG_WARN_DEPRECATED_OBJC_IMPLEMENTATIONS = YES;
				CLANG_WARN_DIRECT_OBJC_ISA_USAGE = YES_ERROR;
				CLANG_WARN_DOCUMENTATION_COMMENTS = YES;
				CLANG_WARN_EMPTY_BODY = YES;
				CLANG_WARN_ENUM_CONVERSION = YES;
				CLANG_WARN_INFINITE_RECURSION = YES;
				CLANG_WARN_INT_CONVERSION = YES;
				CLANG_WARN_NON_LITERAL_NULL_CONVERSION = YES;
				CLANG_WARN_OBJC_IMPLICIT_RETAIN_SELF = YES;
				CLANG_WARN_OBJC_LITERAL_CONVERSION = YES;
				CLANG_WARN_OBJC_ROOT_CLASS = YES_ERROR;
				CLANG_WARN_QUOTED_INCLUDE_IN_FRAMEWORK_HEADER = YES;
				CLANG_WARN_RANGE_LOOP_ANALYSIS = YES;
				CLANG_WARN_STRICT_PROTOTYPES = YES;
				CLANG_WARN_SUSPICIOUS_MOVE = YES;
				CLANG_WARN_UNGUARDED_AVAILABILITY = YES_AGGRESSIVE;
				CLANG_WARN_UNREACHABLE_CODE = YES;
				CLANG_WARN__DUPLICATE_METHOD_MATCH = YES;
				COPY_PHASE_STRIP = NO;
				DEBUG_INFORMATION_FORMAT = "dwarf-with-dsym";
				ENABLE_NS_ASSERTIONS = NO;
				ENABLE_STRICT_OBJC_MSGSEND = YES;
				GCC_C_LANGUAGE_STANDARD = gnu11;
				GCC_NO_COMMON_BLOCKS = YES;
				GCC_WARN_64_TO_32_BIT_CONVERSION = YES;
				GCC_WARN_ABOUT_RETURN_TYPE = YES_ERROR;
				GCC_WARN_UNDECLARED_SELECTOR = YES;
				GCC_WARN_UNINITIALIZED_AUTOS = YES_AGGRESSIVE;
				GCC_WARN_UNUSED_FUNCTION = YES;
				GCC_WARN_UNUSED_VARIABLE = YES;
				IPHONEOS_DEPLOYMENT_TARGET = 15.4;
				MTL_ENABLE_DEBUG_INFO = NO;
				MTL_FAST_MATH = YES;
				SDKROOT = iphoneos;
				SWIFT_COMPILATION_MODE = wholemodule;
				SWIFT_OPTIMIZATION_LEVEL = "-O";
				VALIDATE_PRODUCT = YES;
			};
			name = Release;
		};
		EF4F8E3E280F4EE300CCAAB1 /* Debug */ = {
			isa = XCBuildConfiguration;
			buildSettings = {
				ASSETCATALOG_COMPILER_APPICON_NAME = AppIcon;
				ASSETCATALOG_COMPILER_GLOBAL_ACCENT_COLOR_NAME = AccentColor;
				CLANG_ENABLE_MODULES = YES;
				CODE_SIGN_STYLE = Automatic;
				CURRENT_PROJECT_VERSION = 1;
				DEVELOPMENT_ASSET_PATHS = "\"iOSTester_06/Preview Content\"";
				DEVELOPMENT_TEAM = 64SMH392EJ;
				ENABLE_PREVIEWS = YES;
				GENERATE_INFOPLIST_FILE = YES;
				INFOPLIST_KEY_UIApplicationSceneManifest_Generation = YES;
				INFOPLIST_KEY_UIApplicationSupportsIndirectInputEvents = YES;
				INFOPLIST_KEY_UILaunchScreen_Generation = YES;
				INFOPLIST_KEY_UISupportedInterfaceOrientations_iPad = "UIInterfaceOrientationPortrait UIInterfaceOrientationPortraitUpsideDown UIInterfaceOrientationLandscapeLeft UIInterfaceOrientationLandscapeRight";
				INFOPLIST_KEY_UISupportedInterfaceOrientations_iPhone = "UIInterfaceOrientationPortrait UIInterfaceOrientationLandscapeLeft UIInterfaceOrientationLandscapeRight";
				LD_RUNPATH_SEARCH_PATHS = (
					"$(inherited)",
					"@executable_path/Frameworks",
				);
				MARKETING_VERSION = 1.0;
				PRODUCT_BUNDLE_IDENTIFIER = "org.applenumericalcomputing.iOSTester-06";
				PRODUCT_NAME = "$(TARGET_NAME)";
				SWIFT_EMIT_LOC_STRINGS = YES;
				SWIFT_OBJC_BRIDGING_HEADER = "iOSTester_06/iOSTester_06-Bridging-Header.h";
				SWIFT_OPTIMIZATION_LEVEL = "-Onone";
				SWIFT_VERSION = 5.0;
				TARGETED_DEVICE_FAMILY = "1,2";
			};
			name = Debug;
		};
		EF4F8E3F280F4EE300CCAAB1 /* Release */ = {
			isa = XCBuildConfiguration;
			buildSettings = {
				ASSETCATALOG_COMPILER_APPICON_NAME = AppIcon;
				ASSETCATALOG_COMPILER_GLOBAL_ACCENT_COLOR_NAME = AccentColor;
				CLANG_ENABLE_MODULES = YES;
				CODE_SIGN_STYLE = Automatic;
				CURRENT_PROJECT_VERSION = 1;
				DEVELOPMENT_ASSET_PATHS = "\"iOSTester_06/Preview Content\"";
				DEVELOPMENT_TEAM = 64SMH392EJ;
				ENABLE_PREVIEWS = YES;
				GCC_OPTIMIZATION_LEVEL = fast;
				GENERATE_INFOPLIST_FILE = YES;
				INFOPLIST_KEY_UIApplicationSceneManifest_Generation = YES;
				INFOPLIST_KEY_UIApplicationSupportsIndirectInputEvents = YES;
				INFOPLIST_KEY_UILaunchScreen_Generation = YES;
				INFOPLIST_KEY_UISupportedInterfaceOrientations_iPad = "UIInterfaceOrientationPortrait UIInterfaceOrientationPortraitUpsideDown UIInterfaceOrientationLandscapeLeft UIInterfaceOrientationLandscapeRight";
				INFOPLIST_KEY_UISupportedInterfaceOrientations_iPhone = "UIInterfaceOrientationPortrait UIInterfaceOrientationLandscapeLeft UIInterfaceOrientationLandscapeRight";
				LD_RUNPATH_SEARCH_PATHS = (
					"$(inherited)",
					"@executable_path/Frameworks",
				);
				MARKETING_VERSION = 1.0;
				PRODUCT_BUNDLE_IDENTIFIER = "org.applenumericalcomputing.iOSTester-06";
				PRODUCT_NAME = "$(TARGET_NAME)";
				SWIFT_EMIT_LOC_STRINGS = YES;
				SWIFT_OBJC_BRIDGING_HEADER = "iOSTester_06/iOSTester_06-Bridging-Header.h";
				SWIFT_VERSION = 5.0;
				TARGETED_DEVICE_FAMILY = "1,2";
			};
			name = Release;
		};
/* End XCBuildConfiguration section */

/* Begin XCConfigurationList section */
		EF4F8E2A280F4EE200CCAAB1 /* Build configuration list for PBXProject "iOSTester_06" */ = {
			isa = XCConfigurationList;
			buildConfigurations = (
				EF4F8E3B280F4EE300CCAAB1 /* Debug */,
				EF4F8E3C280F4EE300CCAAB1 /* Release */,
			);
			defaultConfigurationIsVisible = 0;
			defaultConfigurationName = Release;
		};
		EF4F8E3D280F4EE300CCAAB1 /* Build configuration list for PBXNativeTarget "iOSTester_06" */ = {
			isa = XCConfigurationList;
			buildConfigurations = (
				EF4F8E3E280F4EE300CCAAB1 /* Debug */,
				EF4F8E3F280F4EE300CCAAB1 /* Release */,
			);
			defaultConfigurationIsVisible = 0;
			defaultConfigurationName = Release;
		};
/* End XCConfigurationList section */
	};
	rootObject = EF4F8E27280F4EE200CCAAB1 /* Project object */;
}
