// !$*UTF8*$!
{
	archiveVersion = 1;
	classes = {
	};
	objectVersion = 55;
	objects = {

/* Begin PBXBuildFile section */
		EF498E042811AC6A0071BE36 /* iOSTester_12App.swift in Sources */ = {isa = PBXBuildFile; fileRef = EF498E032811AC6A0071BE36 /* iOSTester_12App.swift */; };
		EF498E062811AC6A0071BE36 /* ContentView.swift in Sources */ = {isa = PBXBuildFile; fileRef = EF498E052811AC6A0071BE36 /* ContentView.swift */; };
		EF498E082811AC6C0071BE36 /* Assets.xcassets in Resources */ = {isa = PBXBuildFile; fileRef = EF498E072811AC6C0071BE36 /* Assets.xcassets */; };
		EF498E0B2811AC6C0071BE36 /* Preview Assets.xcassets in Resources */ = {isa = PBXBuildFile; fileRef = EF498E0A2811AC6C0071BE36 /* Preview Assets.xcassets */; };
		EF498E142811AD4E0071BE36 /* test_gauss_seldel_solver_objc.mm in Sources */ = {isa = PBXBuildFile; fileRef = EF498E132811AD4E0071BE36 /* test_gauss_seldel_solver_objc.mm */; };
		EF498E192811AECB0071BE36 /* metal_compute_base.mm in Sources */ = {isa = PBXBuildFile; fileRef = EF498E172811AECB0071BE36 /* metal_compute_base.mm */; };
		EF498E242811AF140071BE36 /* gauss_seidel_solver.metal in Sources */ = {isa = PBXBuildFile; fileRef = EF498E1E2811AF130071BE36 /* gauss_seidel_solver.metal */; };
		EF498E252811AF140071BE36 /* gauss_seidel_solver_metal_objc.mm in Sources */ = {isa = PBXBuildFile; fileRef = EF498E1F2811AF130071BE36 /* gauss_seidel_solver_metal_objc.mm */; };
		EF498E262811AF140071BE36 /* gauss_seidel_solver_metal_cpp_impl.mm in Sources */ = {isa = PBXBuildFile; fileRef = EF498E222811AF140071BE36 /* gauss_seidel_solver_metal_cpp_impl.mm */; };
		EF498E272811AF140071BE36 /* gauss_seidel_solver_metal_cpp.cpp in Sources */ = {isa = PBXBuildFile; fileRef = EF498E232811AF140071BE36 /* gauss_seidel_solver_metal_cpp.cpp */; };
		EF498E292811AF1D0071BE36 /* test_gauss_seidel_solver.cpp in Sources */ = {isa = PBXBuildFile; fileRef = EF498E282811AF1D0071BE36 /* test_gauss_seidel_solver.cpp */; };
		EF498E2C2811B09B0071BE36 /* Accelerate.framework in Frameworks */ = {isa = PBXBuildFile; fileRef = EF498E2B2811B09B0071BE36 /* Accelerate.framework */; };
/* End PBXBuildFile section */

/* Begin PBXFileReference section */
		EF498E002811AC6A0071BE36 /* iOSTester_12.app */ = {isa = PBXFileReference; explicitFileType = wrapper.application; includeInIndex = 0; path = iOSTester_12.app; sourceTree = BUILT_PRODUCTS_DIR; };
		EF498E032811AC6A0071BE36 /* iOSTester_12App.swift */ = {isa = PBXFileReference; lastKnownFileType = sourcecode.swift; path = iOSTester_12App.swift; sourceTree = "<group>"; };
		EF498E052811AC6A0071BE36 /* ContentView.swift */ = {isa = PBXFileReference; lastKnownFileType = sourcecode.swift; path = ContentView.swift; sourceTree = "<group>"; };
		EF498E072811AC6C0071BE36 /* Assets.xcassets */ = {isa = PBXFileReference; lastKnownFileType = folder.assetcatalog; path = Assets.xcassets; sourceTree = "<group>"; };
		EF498E0A2811AC6C0071BE36 /* Preview Assets.xcassets */ = {isa = PBXFileReference; lastKnownFileType = folder.assetcatalog; path = "Preview Assets.xcassets"; sourceTree = "<group>"; };
		EF498E112811AD380071BE36 /* test_gauss_seidel_solver_objc.h */ = {isa = PBXFileReference; lastKnownFileType = sourcecode.c.h; path = test_gauss_seidel_solver_objc.h; sourceTree = "<group>"; };
		EF498E122811AD4E0071BE36 /* iOSTester_12-Bridging-Header.h */ = {isa = PBXFileReference; lastKnownFileType = sourcecode.c.h; path = "iOSTester_12-Bridging-Header.h"; sourceTree = "<group>"; };
		EF498E132811AD4E0071BE36 /* test_gauss_seldel_solver_objc.mm */ = {isa = PBXFileReference; lastKnownFileType = sourcecode.cpp.objcpp; path = test_gauss_seldel_solver_objc.mm; sourceTree = "<group>"; };
		EF498E172811AECB0071BE36 /* metal_compute_base.mm */ = {isa = PBXFileReference; fileEncoding = 4; lastKnownFileType = sourcecode.cpp.objcpp; name = metal_compute_base.mm; path = ../../common/metal/metal_compute_base.mm; sourceTree = "<group>"; };
		EF498E182811AECB0071BE36 /* metal_compute_base.h */ = {isa = PBXFileReference; fileEncoding = 4; lastKnownFileType = sourcecode.c.h; name = metal_compute_base.h; path = ../../common/metal/metal_compute_base.h; sourceTree = "<group>"; };
		EF498E1A2811AED70071BE36 /* thread_synchronizer.h */ = {isa = PBXFileReference; fileEncoding = 4; lastKnownFileType = sourcecode.c.h; name = thread_synchronizer.h; path = ../../common/thread_synchronizer.h; sourceTree = "<group>"; };
		EF498E1B2811AED70071BE36 /* test_pattern_generation.h */ = {isa = PBXFileReference; fileEncoding = 4; lastKnownFileType = sourcecode.c.h; name = test_pattern_generation.h; path = ../../common/test_pattern_generation.h; sourceTree = "<group>"; };
		EF498E1C2811AED70071BE36 /* test_case_with_time_measurements.h */ = {isa = PBXFileReference; fileEncoding = 4; lastKnownFileType = sourcecode.c.h; name = test_case_with_time_measurements.h; path = ../../common/test_case_with_time_measurements.h; sourceTree = "<group>"; };
		EF498E1D2811AF130071BE36 /* gauss_seidel_solver_metal_cpp_impl.h */ = {isa = PBXFileReference; fileEncoding = 4; lastKnownFileType = sourcecode.c.h; name = gauss_seidel_solver_metal_cpp_impl.h; path = ../../12_gauss_seidel_solver/metal/gauss_seidel_solver_metal_cpp_impl.h; sourceTree = "<group>"; };
		EF498E1E2811AF130071BE36 /* gauss_seidel_solver.metal */ = {isa = PBXFileReference; fileEncoding = 4; lastKnownFileType = sourcecode.metal; name = gauss_seidel_solver.metal; path = ../../12_gauss_seidel_solver/metal/gauss_seidel_solver.metal; sourceTree = "<group>"; };
		EF498E1F2811AF130071BE36 /* gauss_seidel_solver_metal_objc.mm */ = {isa = PBXFileReference; fileEncoding = 4; lastKnownFileType = sourcecode.cpp.objcpp; name = gauss_seidel_solver_metal_objc.mm; path = ../../12_gauss_seidel_solver/metal/gauss_seidel_solver_metal_objc.mm; sourceTree = "<group>"; };
		EF498E202811AF130071BE36 /* gauss_seidel_solver_metal_objc.h */ = {isa = PBXFileReference; fileEncoding = 4; lastKnownFileType = sourcecode.c.h; name = gauss_seidel_solver_metal_objc.h; path = ../../12_gauss_seidel_solver/metal/gauss_seidel_solver_metal_objc.h; sourceTree = "<group>"; };
		EF498E212811AF140071BE36 /* gauss_seidel_solver_metal_cpp.h */ = {isa = PBXFileReference; fileEncoding = 4; lastKnownFileType = sourcecode.c.h; name = gauss_seidel_solver_metal_cpp.h; path = ../../12_gauss_seidel_solver/metal/gauss_seidel_solver_metal_cpp.h; sourceTree = "<group>"; };
		EF498E222811AF140071BE36 /* gauss_seidel_solver_metal_cpp_impl.mm */ = {isa = PBXFileReference; fileEncoding = 4; lastKnownFileType = sourcecode.cpp.objcpp; name = gauss_seidel_solver_metal_cpp_impl.mm; path = ../../12_gauss_seidel_solver/metal/gauss_seidel_solver_metal_cpp_impl.mm; sourceTree = "<group>"; };
		EF498E232811AF140071BE36 /* gauss_seidel_solver_metal_cpp.cpp */ = {isa = PBXFileReference; fileEncoding = 4; lastKnownFileType = sourcecode.cpp.cpp; name = gauss_seidel_solver_metal_cpp.cpp; path = ../../12_gauss_seidel_solver/metal/gauss_seidel_solver_metal_cpp.cpp; sourceTree = "<group>"; };
		EF498E282811AF1D0071BE36 /* test_gauss_seidel_solver.cpp */ = {isa = PBXFileReference; fileEncoding = 4; lastKnownFileType = sourcecode.cpp.cpp; name = test_gauss_seidel_solver.cpp; path = ../../12_gauss_seidel_solver/test_gauss_seidel_solver.cpp; sourceTree = "<group>"; };
		EF498E2B2811B09B0071BE36 /* Accelerate.framework */ = {isa = PBXFileReference; lastKnownFileType = wrapper.framework; name = Accelerate.framework; path = System/Library/Frameworks/Accelerate.framework; sourceTree = SDKROOT; };
/* End PBXFileReference section */

/* Begin PBXFrameworksBuildPhase section */
		EF498DFD2811AC6A0071BE36 /* Frameworks */ = {
			isa = PBXFrameworksBuildPhase;
			buildActionMask = 2147483647;
			files = (
				EF498E2C2811B09B0071BE36 /* Accelerate.framework in Frameworks */,
			);
			runOnlyForDeploymentPostprocessing = 0;
		};
/* End PBXFrameworksBuildPhase section */

/* Begin PBXGroup section */
		EF498DF72811AC6A0071BE36 = {
			isa = PBXGroup;
			children = (
				EF498E022811AC6A0071BE36 /* iOSTester_12 */,
				EF498E012811AC6A0071BE36 /* Products */,
				EF498E122811AD4E0071BE36 /* iOSTester_12-Bridging-Header.h */,
				EF498E2A2811B09B0071BE36 /* Frameworks */,
			);
			sourceTree = "<group>";
		};
		EF498E012811AC6A0071BE36 /* Products */ = {
			isa = PBXGroup;
			children = (
				EF498E002811AC6A0071BE36 /* iOSTester_12.app */,
			);
			name = Products;
			sourceTree = "<group>";
		};
		EF498E022811AC6A0071BE36 /* iOSTester_12 */ = {
			isa = PBXGroup;
			children = (
				EF498E282811AF1D0071BE36 /* test_gauss_seidel_solver.cpp */,
				EF498E1D2811AF130071BE36 /* gauss_seidel_solver_metal_cpp_impl.h */,
				EF498E222811AF140071BE36 /* gauss_seidel_solver_metal_cpp_impl.mm */,
				EF498E232811AF140071BE36 /* gauss_seidel_solver_metal_cpp.cpp */,
				EF498E212811AF140071BE36 /* gauss_seidel_solver_metal_cpp.h */,
				EF498E202811AF130071BE36 /* gauss_seidel_solver_metal_objc.h */,
				EF498E1F2811AF130071BE36 /* gauss_seidel_solver_metal_objc.mm */,
				EF498E1E2811AF130071BE36 /* gauss_seidel_solver.metal */,
				EF498E1C2811AED70071BE36 /* test_case_with_time_measurements.h */,
				EF498E1B2811AED70071BE36 /* test_pattern_generation.h */,
				EF498E1A2811AED70071BE36 /* thread_synchronizer.h */,
				EF498E182811AECB0071BE36 /* metal_compute_base.h */,
				EF498E172811AECB0071BE36 /* metal_compute_base.mm */,
				EF498E132811AD4E0071BE36 /* test_gauss_seldel_solver_objc.mm */,
				EF498E112811AD380071BE36 /* test_gauss_seidel_solver_objc.h */,
				EF498E032811AC6A0071BE36 /* iOSTester_12App.swift */,
				EF498E052811AC6A0071BE36 /* ContentView.swift */,
				EF498E072811AC6C0071BE36 /* Assets.xcassets */,
				EF498E092811AC6C0071BE36 /* Preview Content */,
			);
			path = iOSTester_12;
			sourceTree = "<group>";
		};
		EF498E092811AC6C0071BE36 /* Preview Content */ = {
			isa = PBXGroup;
			children = (
				EF498E0A2811AC6C0071BE36 /* Preview Assets.xcassets */,
			);
			path = "Preview Content";
			sourceTree = "<group>";
		};
		EF498E2A2811B09B0071BE36 /* Frameworks */ = {
			isa = PBXGroup;
			children = (
				EF498E2B2811B09B0071BE36 /* Accelerate.framework */,
			);
			name = Frameworks;
			sourceTree = "<group>";
		};
/* End PBXGroup section */

/* Begin PBXNativeTarget section */
		EF498DFF2811AC6A0071BE36 /* iOSTester_12 */ = {
			isa = PBXNativeTarget;
			buildConfigurationList = EF498E0E2811AC6C0071BE36 /* Build configuration list for PBXNativeTarget "iOSTester_12" */;
			buildPhases = (
				EF498DFC2811AC6A0071BE36 /* Sources */,
				EF498DFD2811AC6A0071BE36 /* Frameworks */,
				EF498DFE2811AC6A0071BE36 /* Resources */,
			);
			buildRules = (
			);
			dependencies = (
			);
			name = iOSTester_12;
			productName = iOSTester_12;
			productReference = EF498E002811AC6A0071BE36 /* iOSTester_12.app */;
			productType = "com.apple.product-type.application";
		};
/* End PBXNativeTarget section */

/* Begin PBXProject section */
		EF498DF82811AC6A0071BE36 /* Project object */ = {
			isa = PBXProject;
			attributes = {
				BuildIndependentTargetsInParallel = 1;
				LastSwiftUpdateCheck = 1330;
				LastUpgradeCheck = 1330;
				TargetAttributes = {
					EF498DFF2811AC6A0071BE36 = {
						CreatedOnToolsVersion = 13.3.1;
						LastSwiftMigration = 1330;
					};
				};
			};
			buildConfigurationList = EF498DFB2811AC6A0071BE36 /* Build configuration list for PBXProject "iOSTester_12" */;
			compatibilityVersion = "Xcode 13.0";
			developmentRegion = en;
			hasScannedForEncodings = 0;
			knownRegions = (
				en,
				Base,
			);
			mainGroup = EF498DF72811AC6A0071BE36;
			productRefGroup = EF498E012811AC6A0071BE36 /* Products */;
			projectDirPath = "";
			projectRoot = "";
			targets = (
				EF498DFF2811AC6A0071BE36 /* iOSTester_12 */,
			);
		};
/* End PBXProject section */

/* Begin PBXResourcesBuildPhase section */
		EF498DFE2811AC6A0071BE36 /* Resources */ = {
			isa = PBXResourcesBuildPhase;
			buildActionMask = 2147483647;
			files = (
				EF498E0B2811AC6C0071BE36 /* Preview Assets.xcassets in Resources */,
				EF498E082811AC6C0071BE36 /* Assets.xcassets in Resources */,
			);
			runOnlyForDeploymentPostprocessing = 0;
		};
/* End PBXResourcesBuildPhase section */

/* Begin PBXSourcesBuildPhase section */
		EF498DFC2811AC6A0071BE36 /* Sources */ = {
			isa = PBXSourcesBuildPhase;
			buildActionMask = 2147483647;
			files = (
				EF498E272811AF140071BE36 /* gauss_seidel_solver_metal_cpp.cpp in Sources */,
				EF498E262811AF140071BE36 /* gauss_seidel_solver_metal_cpp_impl.mm in Sources */,
				EF498E142811AD4E0071BE36 /* test_gauss_seldel_solver_objc.mm in Sources */,
				EF498E292811AF1D0071BE36 /* test_gauss_seidel_solver.cpp in Sources */,
				EF498E062811AC6A0071BE36 /* ContentView.swift in Sources */,
				EF498E252811AF140071BE36 /* gauss_seidel_solver_metal_objc.mm in Sources */,
				EF498E192811AECB0071BE36 /* metal_compute_base.mm in Sources */,
				EF498E042811AC6A0071BE36 /* iOSTester_12App.swift in Sources */,
				EF498E242811AF140071BE36 /* gauss_seidel_solver.metal in Sources */,
			);
			runOnlyForDeploymentPostprocessing = 0;
		};
/* End PBXSourcesBuildPhase section */

/* Begin XCBuildConfiguration section */
		EF498E0C2811AC6C0071BE36 /* Debug */ = {
			isa = XCBuildConfiguration;
			buildSettings = {
				ALWAYS_SEARCH_USER_PATHS = NO;
				CLANG_ANALYZER_NONNULL = YES;
				CLANG_ANALYZER_NUMBER_OBJECT_CONVERSION = YES_AGGRESSIVE;
				CLANG_CXX_LANGUAGE_STANDARD = "gnu++17";
				CLANG_ENABLE_MODULES = YES;
				CLANG_ENABLE_OBJC_ARC = YES;
				CLANG_ENABLE_OBJC_WEAK = YES;
				CLANG_WARN_BLOCK_CAPTURE_AUTORELEASING = YES;
				CLANG_WARN_BOOL_CONVERSION = YES;
				CLANG_WARN_COMMA = YES;
				CLANG_WARN_CONSTANT_CONVERSION = YES;
				CLANG_WARN_DEPRECATED_OBJC_IMPLEMENTATIONS = YES;
				CLANG_WARN_DIRECT_OBJC_ISA_USAGE = YES_ERROR;
				CLANG_WARN_DOCUMENTATION_COMMENTS = YES;
				CLANG_WARN_EMPTY_BODY = YES;
				CLANG_WARN_ENUM_CONVERSION = YES;
				CLANG_WARN_INFINITE_RECURSION = YES;
				CLANG_WARN_INT_CONVERSION = YES;
				CLANG_WARN_NON_LITERAL_NULL_CONVERSION = YES;
				CLANG_WARN_OBJC_IMPLICIT_RETAIN_SELF = YES;
				CLANG_WARN_OBJC_LITERAL_CONVERSION = YES;
				CLANG_WARN_OBJC_ROOT_CLASS = YES_ERROR;
				CLANG_WARN_QUOTED_INCLUDE_IN_FRAMEWORK_HEADER = YES;
				CLANG_WARN_RANGE_LOOP_ANALYSIS = YES;
				CLANG_WARN_STRICT_PROTOTYPES = YES;
				CLANG_WARN_SUSPICIOUS_MOVE = YES;
				CLANG_WARN_UNGUARDED_AVAILABILITY = YES_AGGRESSIVE;
				CLANG_WARN_UNREACHABLE_CODE = YES;
				CLANG_WARN__DUPLICATE_METHOD_MATCH = YES;
				COPY_PHASE_STRIP = NO;
				DEBUG_INFORMATION_FORMAT = dwarf;
				ENABLE_STRICT_OBJC_MSGSEND = YES;
				ENABLE_TESTABILITY = YES;
				GCC_C_LANGUAGE_STANDARD = gnu11;
				GCC_DYNAMIC_NO_PIC = NO;
				GCC_NO_COMMON_BLOCKS = YES;
				GCC_OPTIMIZATION_LEVEL = 0;
				GCC_PREPROCESSOR_DEFINITIONS = (
					"DEBUG=1",
					"$(inherited)",
				);
				GCC_WARN_64_TO_32_BIT_CONVERSION = YES;
				GCC_WARN_ABOUT_RETURN_TYPE = YES_ERROR;
				GCC_WARN_UNDECLARED_SELECTOR = YES;
				GCC_WARN_UNINITIALIZED_AUTOS = YES_AGGRESSIVE;
				GCC_WARN_UNUSED_FUNCTION = YES;
				GCC_WARN_UNUSED_VARIABLE = YES;
				IPHONEOS_DEPLOYMENT_TARGET = 15.4;
				MTL_ENABLE_DEBUG_INFO = INCLUDE_SOURCE;
				MTL_FAST_MATH = YES;
				ONLY_ACTIVE_ARCH = YES;
				SDKROOT = iphoneos;
				SWIFT_ACTIVE_COMPILATION_CONDITIONS = DEBUG;
				SWIFT_OPTIMIZATION_LEVEL = "-Onone";
			};
			name = Debug;
		};
		EF498E0D2811AC6C0071BE36 /* Release */ = {
			isa = XCBuildConfiguration;
			buildSettings = {
				ALWAYS_SEARCH_USER_PATHS = NO;
				CLANG_ANALYZER_NONNULL = YES;
				CLANG_ANALYZER_NUMBER_OBJECT_CONVERSION = YES_AGGRESSIVE;
				CLANG_CXX_LANGUAGE_STANDARD = "gnu++17";
				CLANG_ENABLE_MODULES = YES;
				CLANG_ENABLE_OBJC_ARC = YES;
				CLANG_ENABLE_OBJC_WEAK = YES;
				CLANG_WARN_BLOCK_CAPTURE_AUTORELEASING = YES;
				CLANG_WARN_BOOL_CONVERSION = YES;
				CLANG_WARN_COMMA = YES;
				CLANG_WARN_CONSTANT_CONVERSION = YES;
				CLANG_WARN_DEPRECATED_OBJC_IMPLEMENTATIONS = YES;
				CLANG_WARN_DIRECT_OBJC_ISA_USAGE = YES_ERROR;
				CLANG_WARN_DOCUMENTATION_COMMENTS = YES;
				CLANG_WARN_EMPTY_BODY = YES;
				CLANG_WARN_ENUM_CONVERSION = YES;
				CLANG_WARN_INFINITE_RECURSION = YES;
				CLANG_WARN_INT_CONVERSION = YES;
				CLANG_WARN_NON_LITERAL_NULL_CONVERSION = YES;
				CLANG_WARN_OBJC_IMPLICIT_RETAIN_SELF = YES;
				CLANG_WARN_OBJC_LITERAL_CONVERSION = YES;
				CLANG_WARN_OBJC_ROOT_CLASS = YES_ERROR;
				CLANG_WARN_QUOTED_INCLUDE_IN_FRAMEWORK_HEADER = YES;
				CLANG_WARN_RANGE_LOOP_ANALYSIS = YES;
				CLANG_WARN_STRICT_PROTOTYPES = YES;
				CLANG_WARN_SUSPICIOUS_MOVE = YES;
				CLANG_WARN_UNGUARDED_AVAILABILITY = YES_AGGRESSIVE;
				CLANG_WARN_UNREACHABLE_CODE = YES;
				CLANG_WARN__DUPLICATE_METHOD_MATCH = YES;
				COPY_PHASE_STRIP = NO;
				DEBUG_INFORMATION_FORMAT = "dwarf-with-dsym";
				ENABLE_NS_ASSERTIONS = NO;
				ENABLE_STRICT_OBJC_MSGSEND = YES;
				GCC_C_LANGUAGE_STANDARD = gnu11;
				GCC_NO_COMMON_BLOCKS = YES;
				GCC_WARN_64_TO_32_BIT_CONVERSION = YES;
				GCC_WARN_ABOUT_RETURN_TYPE = YES_ERROR;
				GCC_WARN_UNDECLARED_SELECTOR = YES;
				GCC_WARN_UNINITIALIZED_AUTOS = YES_AGGRESSIVE;
				GCC_WARN_UNUSED_FUNCTION = YES;
				GCC_WARN_UNUSED_VARIABLE = YES;
				IPHONEOS_DEPLOYMENT_TARGET = 15.4;
				MTL_ENABLE_DEBUG_INFO = NO;
				MTL_FAST_MATH = YES;
				SDKROOT = iphoneos;
				SWIFT_COMPILATION_MODE = wholemodule;
				SWIFT_OPTIMIZATION_LEVEL = "-O";
				VALIDATE_PRODUCT = YES;
			};
			name = Release;
		};
		EF498E0F2811AC6C0071BE36 /* Debug */ = {
			isa = XCBuildConfiguration;
			buildSettings = {
				ASSETCATALOG_COMPILER_APPICON_NAME = AppIcon;
				ASSETCATALOG_COMPILER_GLOBAL_ACCENT_COLOR_NAME = AccentColor;
				CLANG_ENABLE_MODULES = YES;
				CODE_SIGN_STYLE = Automatic;
				CURRENT_PROJECT_VERSION = 1;
				DEVELOPMENT_ASSET_PATHS = "\"iOSTester_12/Preview Content\"";
				DEVELOPMENT_TEAM = 64SMH392EJ;
				ENABLE_PREVIEWS = YES;
				GENERATE_INFOPLIST_FILE = YES;
				INFOPLIST_KEY_UIApplicationSceneManifest_Generation = YES;
				INFOPLIST_KEY_UIApplicationSupportsIndirectInputEvents = YES;
				INFOPLIST_KEY_UILaunchScreen_Generation = YES;
				INFOPLIST_KEY_UISupportedInterfaceOrientations_iPad = "UIInterfaceOrientationPortrait UIInterfaceOrientationPortraitUpsideDown UIInterfaceOrientationLandscapeLeft UIInterfaceOrientationLandscapeRight";
				INFOPLIST_KEY_UISupportedInterfaceOrientations_iPhone = "UIInterfaceOrientationPortrait UIInterfaceOrientationLandscapeLeft UIInterfaceOrientationLandscapeRight";
				LD_RUNPATH_SEARCH_PATHS = (
					"$(inherited)",
					"@executable_path/Frameworks",
				);
				MARKETING_VERSION = 1.0;
				PRODUCT_BUNDLE_IDENTIFIER = "org.applenumericalcomputing.iOSTester-12";
				PRODUCT_NAME = "$(TARGET_NAME)";
				SWIFT_EMIT_LOC_STRINGS = YES;
				SWIFT_OBJC_BRIDGING_HEADER = "iOSTester_12-Bridging-Header.h";
				SWIFT_OPTIMIZATION_LEVEL = "-Onone";
				SWIFT_VERSION = 5.0;
				TARGETED_DEVICE_FAMILY = "1,2";
			};
			name = Debug;
		};
		EF498E102811AC6C0071BE36 /* Release */ = {
			isa = XCBuildConfiguration;
			buildSettings = {
				ASSETCATALOG_COMPILER_APPICON_NAME = AppIcon;
				ASSETCATALOG_COMPILER_GLOBAL_ACCENT_COLOR_NAME = AccentColor;
				CLANG_ENABLE_MODULES = YES;
				CODE_SIGN_STYLE = Automatic;
				CURRENT_PROJECT_VERSION = 1;
				DEVELOPMENT_ASSET_PATHS = "\"iOSTester_12/Preview Content\"";
				DEVELOPMENT_TEAM = 64SMH392EJ;
				ENABLE_PREVIEWS = YES;
				GCC_OPTIMIZATION_LEVEL = fast;
				GENERATE_INFOPLIST_FILE = YES;
				INFOPLIST_KEY_UIApplicationSceneManifest_Generation = YES;
				INFOPLIST_KEY_UIApplicationSupportsIndirectInputEvents = YES;
				INFOPLIST_KEY_UILaunchScreen_Generation = YES;
				INFOPLIST_KEY_UISupportedInterfaceOrientations_iPad = "UIInterfaceOrientationPortrait UIInterfaceOrientationPortraitUpsideDown UIInterfaceOrientationLandscapeLeft UIInterfaceOrientationLandscapeRight";
				INFOPLIST_KEY_UISupportedInterfaceOrientations_iPhone = "UIInterfaceOrientationPortrait UIInterfaceOrientationLandscapeLeft UIInterfaceOrientationLandscapeRight";
				LD_RUNPATH_SEARCH_PATHS = (
					"$(inherited)",
					"@executable_path/Frameworks",
				);
				MARKETING_VERSION = 1.0;
				PRODUCT_BUNDLE_IDENTIFIER = "org.applenumericalcomputing.iOSTester-12";
				PRODUCT_NAME = "$(TARGET_NAME)";
				SWIFT_EMIT_LOC_STRINGS = YES;
				SWIFT_OBJC_BRIDGING_HEADER = "iOSTester_12-Bridging-Header.h";
				SWIFT_VERSION = 5.0;
				TARGETED_DEVICE_FAMILY = "1,2";
			};
			name = Release;
		};
/* End XCBuildConfiguration section */

/* Begin XCConfigurationList section */
		EF498DFB2811AC6A0071BE36 /* Build configuration list for PBXProject "iOSTester_12" */ = {
			isa = XCConfigurationList;
			buildConfigurations = (
				EF498E0C2811AC6C0071BE36 /* Debug */,
				EF498E0D2811AC6C0071BE36 /* Release */,
			);
			defaultConfigurationIsVisible = 0;
			defaultConfigurationName = Release;
		};
		EF498E0E2811AC6C0071BE36 /* Build configuration list for PBXNativeTarget "iOSTester_12" */ = {
			isa = XCConfigurationList;
			buildConfigurations = (
				EF498E0F2811AC6C0071BE36 /* Debug */,
				EF498E102811AC6C0071BE36 /* Release */,
			);
			defaultConfigurationIsVisible = 0;
			defaultConfigurationName = Release;
		};
/* End XCConfigurationList section */
	};
	rootObject = EF498DF82811AC6A0071BE36 /* Project object */;
}
